// !$*UTF8*$!
{
	archiveVersion = 1;
	classes = {
	};
	objectVersion = 50;
	objects = {

/* Begin PBXBuildFile section */
		130CE7F126987020005197CA /* RecipeRow.swift in Sources */ = {isa = PBXBuildFile; fileRef = 130CE7F026987020005197CA /* RecipeRow.swift */; };
		13124998268EE7AB00BDB869 /* FoodRecipesApp.swift in Sources */ = {isa = PBXBuildFile; fileRef = 13124997268EE7AB00BDB869 /* FoodRecipesApp.swift */; };
		1312499A268EE7AB00BDB869 /* ContentView.swift in Sources */ = {isa = PBXBuildFile; fileRef = 13124999268EE7AB00BDB869 /* ContentView.swift */; };
		1312499C268EE7AD00BDB869 /* Assets.xcassets in Resources */ = {isa = PBXBuildFile; fileRef = 1312499B268EE7AD00BDB869 /* Assets.xcassets */; };
		1312499F268EE7AD00BDB869 /* Preview Assets.xcassets in Resources */ = {isa = PBXBuildFile; fileRef = 1312499E268EE7AD00BDB869 /* Preview Assets.xcassets */; };
		131249A1268EE7AD00BDB869 /* Persistence.swift in Sources */ = {isa = PBXBuildFile; fileRef = 131249A0268EE7AD00BDB869 /* Persistence.swift */; };
		131249A4268EE7AD00BDB869 /* FoodRecipes.xcdatamodeld in Sources */ = {isa = PBXBuildFile; fileRef = 131249A2268EE7AD00BDB869 /* FoodRecipes.xcdatamodeld */; };
		131249AF268EE7AD00BDB869 /* FoodRecipesTests.swift in Sources */ = {isa = PBXBuildFile; fileRef = 131249AE268EE7AD00BDB869 /* FoodRecipesTests.swift */; };
		131249BA268EE7AD00BDB869 /* FoodRecipesUITests.swift in Sources */ = {isa = PBXBuildFile; fileRef = 131249B9268EE7AD00BDB869 /* FoodRecipesUITests.swift */; };
		131249C8268EF2C900BDB869 /* ItemListView.swift in Sources */ = {isa = PBXBuildFile; fileRef = 131249C7268EF2C900BDB869 /* ItemListView.swift */; };
		131249CA268F319800BDB869 /* Recipe.swift in Sources */ = {isa = PBXBuildFile; fileRef = 131249C9268F319700BDB869 /* Recipe.swift */; };
		131249CD268F321F00BDB869 /* APIResources.swift in Sources */ = {isa = PBXBuildFile; fileRef = 131249CC268F321F00BDB869 /* APIResources.swift */; };
		1369B12E269819D300729549 /* FilterRecipes.swift in Sources */ = {isa = PBXBuildFile; fileRef = 1369B12D269819D300729549 /* FilterRecipes.swift */; };
		1369B13026981A5D00729549 /* RecipeCard.swift in Sources */ = {isa = PBXBuildFile; fileRef = 1369B12F26981A5D00729549 /* RecipeCard.swift */; };
		13CDA164269BF74400803DEC /* RecipeDetail.swift in Sources */ = {isa = PBXBuildFile; fileRef = 13CDA163269BF74400803DEC /* RecipeDetail.swift */; };
		13FEE7D7269083F4007CAB08 /* SpoonacularRecipeFetcher.swift in Sources */ = {isa = PBXBuildFile; fileRef = 13FEE7D6269083F4007CAB08 /* SpoonacularRecipeFetcher.swift */; };
/* End PBXBuildFile section */

/* Begin PBXContainerItemProxy section */
		131249AB268EE7AD00BDB869 /* PBXContainerItemProxy */ = {
			isa = PBXContainerItemProxy;
			containerPortal = 1312498C268EE7AA00BDB869 /* Project object */;
			proxyType = 1;
			remoteGlobalIDString = 13124993268EE7AB00BDB869;
			remoteInfo = FoodRecipes;
		};
		131249B6268EE7AD00BDB869 /* PBXContainerItemProxy */ = {
			isa = PBXContainerItemProxy;
			containerPortal = 1312498C268EE7AA00BDB869 /* Project object */;
			proxyType = 1;
			remoteGlobalIDString = 13124993268EE7AB00BDB869;
			remoteInfo = FoodRecipes;
		};
/* End PBXContainerItemProxy section */

/* Begin PBXFileReference section */
		130CE7F026987020005197CA /* RecipeRow.swift */ = {isa = PBXFileReference; lastKnownFileType = sourcecode.swift; path = RecipeRow.swift; sourceTree = "<group>"; };
		13124994268EE7AB00BDB869 /* FoodRecipes.app */ = {isa = PBXFileReference; explicitFileType = wrapper.application; includeInIndex = 0; path = FoodRecipes.app; sourceTree = BUILT_PRODUCTS_DIR; };
		13124997268EE7AB00BDB869 /* FoodRecipesApp.swift */ = {isa = PBXFileReference; lastKnownFileType = sourcecode.swift; path = FoodRecipesApp.swift; sourceTree = "<group>"; };
		13124999268EE7AB00BDB869 /* ContentView.swift */ = {isa = PBXFileReference; lastKnownFileType = sourcecode.swift; path = ContentView.swift; sourceTree = "<group>"; };
		1312499B268EE7AD00BDB869 /* Assets.xcassets */ = {isa = PBXFileReference; lastKnownFileType = folder.assetcatalog; path = Assets.xcassets; sourceTree = "<group>"; };
		1312499E268EE7AD00BDB869 /* Preview Assets.xcassets */ = {isa = PBXFileReference; lastKnownFileType = folder.assetcatalog; path = "Preview Assets.xcassets"; sourceTree = "<group>"; };
		131249A0268EE7AD00BDB869 /* Persistence.swift */ = {isa = PBXFileReference; lastKnownFileType = sourcecode.swift; path = Persistence.swift; sourceTree = "<group>"; };
		131249A3268EE7AD00BDB869 /* FoodRecipes.xcdatamodel */ = {isa = PBXFileReference; lastKnownFileType = wrapper.xcdatamodel; path = FoodRecipes.xcdatamodel; sourceTree = "<group>"; };
		131249A5268EE7AD00BDB869 /* Info.plist */ = {isa = PBXFileReference; lastKnownFileType = text.plist.xml; path = Info.plist; sourceTree = "<group>"; };
		131249AA268EE7AD00BDB869 /* FoodRecipesTests.xctest */ = {isa = PBXFileReference; explicitFileType = wrapper.cfbundle; includeInIndex = 0; path = FoodRecipesTests.xctest; sourceTree = BUILT_PRODUCTS_DIR; };
		131249AE268EE7AD00BDB869 /* FoodRecipesTests.swift */ = {isa = PBXFileReference; lastKnownFileType = sourcecode.swift; path = FoodRecipesTests.swift; sourceTree = "<group>"; };
		131249B0268EE7AD00BDB869 /* Info.plist */ = {isa = PBXFileReference; lastKnownFileType = text.plist.xml; path = Info.plist; sourceTree = "<group>"; };
		131249B5268EE7AD00BDB869 /* FoodRecipesUITests.xctest */ = {isa = PBXFileReference; explicitFileType = wrapper.cfbundle; includeInIndex = 0; path = FoodRecipesUITests.xctest; sourceTree = BUILT_PRODUCTS_DIR; };
		131249B9268EE7AD00BDB869 /* FoodRecipesUITests.swift */ = {isa = PBXFileReference; lastKnownFileType = sourcecode.swift; path = FoodRecipesUITests.swift; sourceTree = "<group>"; };
		131249BB268EE7AD00BDB869 /* Info.plist */ = {isa = PBXFileReference; lastKnownFileType = text.plist.xml; path = Info.plist; sourceTree = "<group>"; };
		131249C7268EF2C900BDB869 /* ItemListView.swift */ = {isa = PBXFileReference; lastKnownFileType = sourcecode.swift; path = ItemListView.swift; sourceTree = "<group>"; };
		131249C9268F319700BDB869 /* Recipe.swift */ = {isa = PBXFileReference; lastKnownFileType = sourcecode.swift; path = Recipe.swift; sourceTree = "<group>"; };
		131249CC268F321F00BDB869 /* APIResources.swift */ = {isa = PBXFileReference; lastKnownFileType = sourcecode.swift; path = APIResources.swift; sourceTree = "<group>"; };
		1369B12D269819D300729549 /* FilterRecipes.swift */ = {isa = PBXFileReference; lastKnownFileType = sourcecode.swift; path = FilterRecipes.swift; sourceTree = "<group>"; };
		1369B12F26981A5D00729549 /* RecipeCard.swift */ = {isa = PBXFileReference; lastKnownFileType = sourcecode.swift; path = RecipeCard.swift; sourceTree = "<group>"; };
		13CDA163269BF74400803DEC /* RecipeDetail.swift */ = {isa = PBXFileReference; lastKnownFileType = sourcecode.swift; path = RecipeDetail.swift; sourceTree = "<group>"; };
		13FEE7D6269083F4007CAB08 /* SpoonacularRecipeFetcher.swift */ = {isa = PBXFileReference; lastKnownFileType = sourcecode.swift; path = SpoonacularRecipeFetcher.swift; sourceTree = "<group>"; };
/* End PBXFileReference section */

/* Begin PBXFrameworksBuildPhase section */
		13124991268EE7AB00BDB869 /* Frameworks */ = {
			isa = PBXFrameworksBuildPhase;
			buildActionMask = 2147483647;
			files = (
			);
			runOnlyForDeploymentPostprocessing = 0;
		};
		131249A7268EE7AD00BDB869 /* Frameworks */ = {
			isa = PBXFrameworksBuildPhase;
			buildActionMask = 2147483647;
			files = (
			);
			runOnlyForDeploymentPostprocessing = 0;
		};
		131249B2268EE7AD00BDB869 /* Frameworks */ = {
			isa = PBXFrameworksBuildPhase;
			buildActionMask = 2147483647;
			files = (
			);
			runOnlyForDeploymentPostprocessing = 0;
		};
/* End PBXFrameworksBuildPhase section */

/* Begin PBXGroup section */
		1312498B268EE7AA00BDB869 = {
			isa = PBXGroup;
			children = (
				13124996268EE7AB00BDB869 /* FoodRecipes */,
				131249AD268EE7AD00BDB869 /* FoodRecipesTests */,
				131249B8268EE7AD00BDB869 /* FoodRecipesUITests */,
				13124995268EE7AB00BDB869 /* Products */,
			);
			sourceTree = "<group>";
		};
		13124995268EE7AB00BDB869 /* Products */ = {
			isa = PBXGroup;
			children = (
				13124994268EE7AB00BDB869 /* FoodRecipes.app */,
				131249AA268EE7AD00BDB869 /* FoodRecipesTests.xctest */,
				131249B5268EE7AD00BDB869 /* FoodRecipesUITests.xctest */,
			);
			name = Products;
			sourceTree = "<group>";
		};
		13124996268EE7AB00BDB869 /* FoodRecipes */ = {
			isa = PBXGroup;
			children = (
				13124997268EE7AB00BDB869 /* FoodRecipesApp.swift */,
				13124999268EE7AB00BDB869 /* ContentView.swift */,
				131249CB268F31B000BDB869 /* Model */,
				1369B13126981FA400729549 /* View */,
				1369B13226981FC400729549 /* View Model */,
				1312499B268EE7AD00BDB869 /* Assets.xcassets */,
				131249A5268EE7AD00BDB869 /* Info.plist */,
				131249A2268EE7AD00BDB869 /* FoodRecipes.xcdatamodeld */,
				1312499D268EE7AD00BDB869 /* Preview Content */,
			);
			path = FoodRecipes;
			sourceTree = "<group>";
		};
		1312499D268EE7AD00BDB869 /* Preview Content */ = {
			isa = PBXGroup;
			children = (
				1312499E268EE7AD00BDB869 /* Preview Assets.xcassets */,
			);
			path = "Preview Content";
			sourceTree = "<group>";
		};
		131249AD268EE7AD00BDB869 /* FoodRecipesTests */ = {
			isa = PBXGroup;
			children = (
				131249AE268EE7AD00BDB869 /* FoodRecipesTests.swift */,
				131249B0268EE7AD00BDB869 /* Info.plist */,
			);
			path = FoodRecipesTests;
			sourceTree = "<group>";
		};
		131249B8268EE7AD00BDB869 /* FoodRecipesUITests */ = {
			isa = PBXGroup;
			children = (
				131249B9268EE7AD00BDB869 /* FoodRecipesUITests.swift */,
				131249BB268EE7AD00BDB869 /* Info.plist */,
			);
			path = FoodRecipesUITests;
			sourceTree = "<group>";
		};
		131249CB268F31B000BDB869 /* Model */ = {
			isa = PBXGroup;
			children = (
				131249C9268F319700BDB869 /* Recipe.swift */,
				131249A0268EE7AD00BDB869 /* Persistence.swift */,
				131249CC268F321F00BDB869 /* APIResources.swift */,
			);
			path = Model;
			sourceTree = "<group>";
		};
		1369B13126981FA400729549 /* View */ = {
			isa = PBXGroup;
			children = (
				1369B12F26981A5D00729549 /* RecipeCard.swift */,
				13CDA163269BF74400803DEC /* RecipeDetail.swift */,
				130CE7F026987020005197CA /* RecipeRow.swift */,
				131249C7268EF2C900BDB869 /* ItemListView.swift */,
				1369B12D269819D300729549 /* FilterRecipes.swift */,
			);
			path = View;
			sourceTree = "<group>";
		};
		1369B13226981FC400729549 /* View Model */ = {
			isa = PBXGroup;
			children = (
				13FEE7D6269083F4007CAB08 /* SpoonacularRecipeFetcher.swift */,
			);
			path = "View Model";
			sourceTree = "<group>";
		};
/* End PBXGroup section */

/* Begin PBXNativeTarget section */
		13124993268EE7AB00BDB869 /* FoodRecipes */ = {
			isa = PBXNativeTarget;
			buildConfigurationList = 131249BE268EE7AE00BDB869 /* Build configuration list for PBXNativeTarget "FoodRecipes" */;
			buildPhases = (
				13124990268EE7AB00BDB869 /* Sources */,
				13124991268EE7AB00BDB869 /* Frameworks */,
				13124992268EE7AB00BDB869 /* Resources */,
			);
			buildRules = (
			);
			dependencies = (
			);
			name = FoodRecipes;
			productName = FoodRecipes;
			productReference = 13124994268EE7AB00BDB869 /* FoodRecipes.app */;
			productType = "com.apple.product-type.application";
		};
		131249A9268EE7AD00BDB869 /* FoodRecipesTests */ = {
			isa = PBXNativeTarget;
			buildConfigurationList = 131249C1268EE7AE00BDB869 /* Build configuration list for PBXNativeTarget "FoodRecipesTests" */;
			buildPhases = (
				131249A6268EE7AD00BDB869 /* Sources */,
				131249A7268EE7AD00BDB869 /* Frameworks */,
				131249A8268EE7AD00BDB869 /* Resources */,
			);
			buildRules = (
			);
			dependencies = (
				131249AC268EE7AD00BDB869 /* PBXTargetDependency */,
			);
			name = FoodRecipesTests;
			productName = FoodRecipesTests;
			productReference = 131249AA268EE7AD00BDB869 /* FoodRecipesTests.xctest */;
			productType = "com.apple.product-type.bundle.unit-test";
		};
		131249B4268EE7AD00BDB869 /* FoodRecipesUITests */ = {
			isa = PBXNativeTarget;
			buildConfigurationList = 131249C4268EE7AE00BDB869 /* Build configuration list for PBXNativeTarget "FoodRecipesUITests" */;
			buildPhases = (
				131249B1268EE7AD00BDB869 /* Sources */,
				131249B2268EE7AD00BDB869 /* Frameworks */,
				131249B3268EE7AD00BDB869 /* Resources */,
			);
			buildRules = (
			);
			dependencies = (
				131249B7268EE7AD00BDB869 /* PBXTargetDependency */,
			);
			name = FoodRecipesUITests;
			productName = FoodRecipesUITests;
			productReference = 131249B5268EE7AD00BDB869 /* FoodRecipesUITests.xctest */;
			productType = "com.apple.product-type.bundle.ui-testing";
		};
/* End PBXNativeTarget section */

/* Begin PBXProject section */
		1312498C268EE7AA00BDB869 /* Project object */ = {
			isa = PBXProject;
			attributes = {
				LastSwiftUpdateCheck = 1250;
				LastUpgradeCheck = 1250;
				TargetAttributes = {
					13124993268EE7AB00BDB869 = {
						CreatedOnToolsVersion = 12.5.1;
					};
					131249A9268EE7AD00BDB869 = {
						CreatedOnToolsVersion = 12.5.1;
						TestTargetID = 13124993268EE7AB00BDB869;
					};
					131249B4268EE7AD00BDB869 = {
						CreatedOnToolsVersion = 12.5.1;
						TestTargetID = 13124993268EE7AB00BDB869;
					};
				};
			};
			buildConfigurationList = 1312498F268EE7AA00BDB869 /* Build configuration list for PBXProject "FoodRecipes" */;
			compatibilityVersion = "Xcode 9.3";
			developmentRegion = en;
			hasScannedForEncodings = 0;
			knownRegions = (
				en,
				Base,
			);
			mainGroup = 1312498B268EE7AA00BDB869;
			productRefGroup = 13124995268EE7AB00BDB869 /* Products */;
			projectDirPath = "";
			projectRoot = "";
			targets = (
				13124993268EE7AB00BDB869 /* FoodRecipes */,
				131249A9268EE7AD00BDB869 /* FoodRecipesTests */,
				131249B4268EE7AD00BDB869 /* FoodRecipesUITests */,
			);
		};
/* End PBXProject section */

/* Begin PBXResourcesBuildPhase section */
		13124992268EE7AB00BDB869 /* Resources */ = {
			isa = PBXResourcesBuildPhase;
			buildActionMask = 2147483647;
			files = (
				1312499F268EE7AD00BDB869 /* Preview Assets.xcassets in Resources */,
				1312499C268EE7AD00BDB869 /* Assets.xcassets in Resources */,
			);
			runOnlyForDeploymentPostprocessing = 0;
		};
		131249A8268EE7AD00BDB869 /* Resources */ = {
			isa = PBXResourcesBuildPhase;
			buildActionMask = 2147483647;
			files = (
			);
			runOnlyForDeploymentPostprocessing = 0;
		};
		131249B3268EE7AD00BDB869 /* Resources */ = {
			isa = PBXResourcesBuildPhase;
			buildActionMask = 2147483647;
			files = (
			);
			runOnlyForDeploymentPostprocessing = 0;
		};
/* End PBXResourcesBuildPhase section */

/* Begin PBXSourcesBuildPhase section */
		13124990268EE7AB00BDB869 /* Sources */ = {
			isa = PBXSourcesBuildPhase;
			buildActionMask = 2147483647;
			files = (
				1369B12E269819D300729549 /* FilterRecipes.swift in Sources */,
				13CDA164269BF74400803DEC /* RecipeDetail.swift in Sources */,
				1369B13026981A5D00729549 /* RecipeCard.swift in Sources */,
				131249A1268EE7AD00BDB869 /* Persistence.swift in Sources */,
				130CE7F126987020005197CA /* RecipeRow.swift in Sources */,
				131249CD268F321F00BDB869 /* APIResources.swift in Sources */,
				1312499A268EE7AB00BDB869 /* ContentView.swift in Sources */,
				13FEE7D7269083F4007CAB08 /* SpoonacularRecipeFetcher.swift in Sources */,
				13124998268EE7AB00BDB869 /* FoodRecipesApp.swift in Sources */,
				131249CA268F319800BDB869 /* Recipe.swift in Sources */,
				131249C8268EF2C900BDB869 /* ItemListView.swift in Sources */,
				131249A4268EE7AD00BDB869 /* FoodRecipes.xcdatamodeld in Sources */,
			);
			runOnlyForDeploymentPostprocessing = 0;
		};
		131249A6268EE7AD00BDB869 /* Sources */ = {
			isa = PBXSourcesBuildPhase;
			buildActionMask = 2147483647;
			files = (
				131249AF268EE7AD00BDB869 /* FoodRecipesTests.swift in Sources */,
			);
			runOnlyForDeploymentPostprocessing = 0;
		};
		131249B1268EE7AD00BDB869 /* Sources */ = {
			isa = PBXSourcesBuildPhase;
			buildActionMask = 2147483647;
			files = (
				131249BA268EE7AD00BDB869 /* FoodRecipesUITests.swift in Sources */,
			);
			runOnlyForDeploymentPostprocessing = 0;
		};
/* End PBXSourcesBuildPhase section */

/* Begin PBXTargetDependency section */
		131249AC268EE7AD00BDB869 /* PBXTargetDependency */ = {
			isa = PBXTargetDependency;
			target = 13124993268EE7AB00BDB869 /* FoodRecipes */;
			targetProxy = 131249AB268EE7AD00BDB869 /* PBXContainerItemProxy */;
		};
		131249B7268EE7AD00BDB869 /* PBXTargetDependency */ = {
			isa = PBXTargetDependency;
			target = 13124993268EE7AB00BDB869 /* FoodRecipes */;
			targetProxy = 131249B6268EE7AD00BDB869 /* PBXContainerItemProxy */;
		};
/* End PBXTargetDependency section */

/* Begin XCBuildConfiguration section */
		131249BC268EE7AD00BDB869 /* Debug */ = {
			isa = XCBuildConfiguration;
			buildSettings = {
				ALWAYS_SEARCH_USER_PATHS = NO;
				CLANG_ANALYZER_NONNULL = YES;
				CLANG_ANALYZER_NUMBER_OBJECT_CONVERSION = YES_AGGRESSIVE;
				CLANG_CXX_LANGUAGE_STANDARD = "gnu++14";
				CLANG_CXX_LIBRARY = "libc++";
				CLANG_ENABLE_MODULES = YES;
				CLANG_ENABLE_OBJC_ARC = YES;
				CLANG_ENABLE_OBJC_WEAK = YES;
				CLANG_WARN_BLOCK_CAPTURE_AUTORELEASING = YES;
				CLANG_WARN_BOOL_CONVERSION = YES;
				CLANG_WARN_COMMA = YES;
				CLANG_WARN_CONSTANT_CONVERSION = YES;
				CLANG_WARN_DEPRECATED_OBJC_IMPLEMENTATIONS = YES;
				CLANG_WARN_DIRECT_OBJC_ISA_USAGE = YES_ERROR;
				CLANG_WARN_DOCUMENTATION_COMMENTS = YES;
				CLANG_WARN_EMPTY_BODY = YES;
				CLANG_WARN_ENUM_CONVERSION = YES;
				CLANG_WARN_INFINITE_RECURSION = YES;
				CLANG_WARN_INT_CONVERSION = YES;
				CLANG_WARN_NON_LITERAL_NULL_CONVERSION = YES;
				CLANG_WARN_OBJC_IMPLICIT_RETAIN_SELF = YES;
				CLANG_WARN_OBJC_LITERAL_CONVERSION = YES;
				CLANG_WARN_OBJC_ROOT_CLASS = YES_ERROR;
				CLANG_WARN_QUOTED_INCLUDE_IN_FRAMEWORK_HEADER = YES;
				CLANG_WARN_RANGE_LOOP_ANALYSIS = YES;
				CLANG_WARN_STRICT_PROTOTYPES = YES;
				CLANG_WARN_SUSPICIOUS_MOVE = YES;
				CLANG_WARN_UNGUARDED_AVAILABILITY = YES_AGGRESSIVE;
				CLANG_WARN_UNREACHABLE_CODE = YES;
				CLANG_WARN__DUPLICATE_METHOD_MATCH = YES;
				COPY_PHASE_STRIP = NO;
				DEBUG_INFORMATION_FORMAT = dwarf;
				ENABLE_STRICT_OBJC_MSGSEND = YES;
				ENABLE_TESTABILITY = YES;
				GCC_C_LANGUAGE_STANDARD = gnu11;
				GCC_DYNAMIC_NO_PIC = NO;
				GCC_NO_COMMON_BLOCKS = YES;
				GCC_OPTIMIZATION_LEVEL = 0;
				GCC_PREPROCESSOR_DEFINITIONS = (
					"DEBUG=1",
					"$(inherited)",
				);
				GCC_WARN_64_TO_32_BIT_CONVERSION = YES;
				GCC_WARN_ABOUT_RETURN_TYPE = YES_ERROR;
				GCC_WARN_UNDECLARED_SELECTOR = YES;
				GCC_WARN_UNINITIALIZED_AUTOS = YES_AGGRESSIVE;
				GCC_WARN_UNUSED_FUNCTION = YES;
				GCC_WARN_UNUSED_VARIABLE = YES;
				IPHONEOS_DEPLOYMENT_TARGET = 14.5;
				MTL_ENABLE_DEBUG_INFO = INCLUDE_SOURCE;
				MTL_FAST_MATH = YES;
				ONLY_ACTIVE_ARCH = YES;
				SDKROOT = iphoneos;
				SWIFT_ACTIVE_COMPILATION_CONDITIONS = DEBUG;
				SWIFT_OPTIMIZATION_LEVEL = "-Onone";
			};
			name = Debug;
		};
		131249BD268EE7AD00BDB869 /* Release */ = {
			isa = XCBuildConfiguration;
			buildSettings = {
				ALWAYS_SEARCH_USER_PATHS = NO;
				CLANG_ANALYZER_NONNULL = YES;
				CLANG_ANALYZER_NUMBER_OBJECT_CONVERSION = YES_AGGRESSIVE;
				CLANG_CXX_LANGUAGE_STANDARD = "gnu++14";
				CLANG_CXX_LIBRARY = "libc++";
				CLANG_ENABLE_MODULES = YES;
				CLANG_ENABLE_OBJC_ARC = YES;
				CLANG_ENABLE_OBJC_WEAK = YES;
				CLANG_WARN_BLOCK_CAPTURE_AUTORELEASING = YES;
				CLANG_WARN_BOOL_CONVERSION = YES;
				CLANG_WARN_COMMA = YES;
				CLANG_WARN_CONSTANT_CONVERSION = YES;
				CLANG_WARN_DEPRECATED_OBJC_IMPLEMENTATIONS = YES;
				CLANG_WARN_DIRECT_OBJC_ISA_USAGE = YES_ERROR;
				CLANG_WARN_DOCUMENTATION_COMMENTS = YES;
				CLANG_WARN_EMPTY_BODY = YES;
				CLANG_WARN_ENUM_CONVERSION = YES;
				CLANG_WARN_INFINITE_RECURSION = YES;
				CLANG_WARN_INT_CONVERSION = YES;
				CLANG_WARN_NON_LITERAL_NULL_CONVERSION = YES;
				CLANG_WARN_OBJC_IMPLICIT_RETAIN_SELF = YES;
				CLANG_WARN_OBJC_LITERAL_CONVERSION = YES;
				CLANG_WARN_OBJC_ROOT_CLASS = YES_ERROR;
				CLANG_WARN_QUOTED_INCLUDE_IN_FRAMEWORK_HEADER = YES;
				CLANG_WARN_RANGE_LOOP_ANALYSIS = YES;
				CLANG_WARN_STRICT_PROTOTYPES = YES;
				CLANG_WARN_SUSPICIOUS_MOVE = YES;
				CLANG_WARN_UNGUARDED_AVAILABILITY = YES_AGGRESSIVE;
				CLANG_WARN_UNREACHABLE_CODE = YES;
				CLANG_WARN__DUPLICATE_METHOD_MATCH = YES;
				COPY_PHASE_STRIP = NO;
				DEBUG_INFORMATION_FORMAT = "dwarf-with-dsym";
				ENABLE_NS_ASSERTIONS = NO;
				ENABLE_STRICT_OBJC_MSGSEND = YES;
				GCC_C_LANGUAGE_STANDARD = gnu11;
				GCC_NO_COMMON_BLOCKS = YES;
				GCC_WARN_64_TO_32_BIT_CONVERSION = YES;
				GCC_WARN_ABOUT_RETURN_TYPE = YES_ERROR;
				GCC_WARN_UNDECLARED_SELECTOR = YES;
				GCC_WARN_UNINITIALIZED_AUTOS = YES_AGGRESSIVE;
				GCC_WARN_UNUSED_FUNCTION = YES;
				GCC_WARN_UNUSED_VARIABLE = YES;
				IPHONEOS_DEPLOYMENT_TARGET = 14.5;
				MTL_ENABLE_DEBUG_INFO = NO;
				MTL_FAST_MATH = YES;
				SDKROOT = iphoneos;
				SWIFT_COMPILATION_MODE = wholemodule;
				SWIFT_OPTIMIZATION_LEVEL = "-O";
				VALIDATE_PRODUCT = YES;
			};
			name = Release;
		};
		131249BF268EE7AE00BDB869 /* Debug */ = {
			isa = XCBuildConfiguration;
			buildSettings = {
				ASSETCATALOG_COMPILER_APPICON_NAME = AppIcon;
				ASSETCATALOG_COMPILER_GLOBAL_ACCENT_COLOR_NAME = AccentColor;
				CODE_SIGN_STYLE = Automatic;
				DEVELOPMENT_ASSET_PATHS = "\"FoodRecipes/Preview Content\"";
				DEVELOPMENT_TEAM = XC67GJFB82;
				ENABLE_PREVIEWS = YES;
				INFOPLIST_FILE = FoodRecipes/Info.plist;
				IPHONEOS_DEPLOYMENT_TARGET = 14.0;
				LD_RUNPATH_SEARCH_PATHS = (
					"$(inherited)",
					"@executable_path/Frameworks",
				);
				PRODUCT_BUNDLE_IDENTIFIER = in.saven.FoodRecipes;
				PRODUCT_NAME = "$(TARGET_NAME)";
				SWIFT_VERSION = 5.0;
				TARGETED_DEVICE_FAMILY = "1,2";
			};
			name = Debug;
		};
		131249C0268EE7AE00BDB869 /* Release */ = {
			isa = XCBuildConfiguration;
			buildSettings = {
				ASSETCATALOG_COMPILER_APPICON_NAME = AppIcon;
				ASSETCATALOG_COMPILER_GLOBAL_ACCENT_COLOR_NAME = AccentColor;
				CODE_SIGN_STYLE = Automatic;
				DEVELOPMENT_ASSET_PATHS = "\"FoodRecipes/Preview Content\"";
				DEVELOPMENT_TEAM = XC67GJFB82;
				ENABLE_PREVIEWS = YES;
				INFOPLIST_FILE = FoodRecipes/Info.plist;
				IPHONEOS_DEPLOYMENT_TARGET = 14.0;
				LD_RUNPATH_SEARCH_PATHS = (
					"$(inherited)",
					"@executable_path/Frameworks",
				);
				PRODUCT_BUNDLE_IDENTIFIER = in.saven.FoodRecipes;
				PRODUCT_NAME = "$(TARGET_NAME)";
				SWIFT_VERSION = 5.0;
				TARGETED_DEVICE_FAMILY = "1,2";
			};
			name = Release;
		};
		131249C2268EE7AE00BDB869 /* Debug */ = {
			isa = XCBuildConfiguration;
			buildSettings = {
				ALWAYS_EMBED_SWIFT_STANDARD_LIBRARIES = YES;
				BUNDLE_LOADER = "$(TEST_HOST)";
				CODE_SIGN_STYLE = Automatic;
				DEVELOPMENT_TEAM = XC67GJFB82;
				INFOPLIST_FILE = FoodRecipesTests/Info.plist;
				IPHONEOS_DEPLOYMENT_TARGET = 14.0;
				LD_RUNPATH_SEARCH_PATHS = (
					"$(inherited)",
					"@executable_path/Frameworks",
					"@loader_path/Frameworks",
				);
				PRODUCT_BUNDLE_IDENTIFIER = in.saven.FoodRecipesTests;
				PRODUCT_NAME = "$(TARGET_NAME)";
				SWIFT_VERSION = 5.0;
				TARGETED_DEVICE_FAMILY = "1,2";
				TEST_HOST = "$(BUILT_PRODUCTS_DIR)/FoodRecipes.app/FoodRecipes";
			};
			name = Debug;
		};
		131249C3268EE7AE00BDB869 /* Release */ = {
			isa = XCBuildConfiguration;
			buildSettings = {
				ALWAYS_EMBED_SWIFT_STANDARD_LIBRARIES = YES;
				BUNDLE_LOADER = "$(TEST_HOST)";
				CODE_SIGN_STYLE = Automatic;
				DEVELOPMENT_TEAM = XC67GJFB82;
				INFOPLIST_FILE = FoodRecipesTests/Info.plist;
				IPHONEOS_DEPLOYMENT_TARGET = 14.0;
				LD_RUNPATH_SEARCH_PATHS = (
					"$(inherited)",
					"@executable_path/Frameworks",
					"@loader_path/Frameworks",
				);
				PRODUCT_BUNDLE_IDENTIFIER = in.saven.FoodRecipesTests;
				PRODUCT_NAME = "$(TARGET_NAME)";
				SWIFT_VERSION = 5.0;
				TARGETED_DEVICE_FAMILY = "1,2";
				TEST_HOST = "$(BUILT_PRODUCTS_DIR)/FoodRecipes.app/FoodRecipes";
			};
			name = Release;
		};
		131249C5268EE7AE00BDB869 /* Debug */ = {
			isa = XCBuildConfiguration;
			buildSettings = {
				ALWAYS_EMBED_SWIFT_STANDARD_LIBRARIES = YES;
				CODE_SIGN_STYLE = Automatic;
				DEVELOPMENT_TEAM = XC67GJFB82;
				INFOPLIST_FILE = FoodRecipesUITests/Info.plist;
				LD_RUNPATH_SEARCH_PATHS = (
					"$(inherited)",
					"@executable_path/Frameworks",
					"@loader_path/Frameworks",
				);
				PRODUCT_BUNDLE_IDENTIFIER = in.saven.FoodRecipesUITests;
				PRODUCT_NAME = "$(TARGET_NAME)";
				SWIFT_VERSION = 5.0;
				TARGETED_DEVICE_FAMILY = "1,2";
				TEST_TARGET_NAME = FoodRecipes;
			};
			name = Debug;
		};
		131249C6268EE7AE00BDB869 /* Release */ = {
			isa = XCBuildConfiguration;
			buildSettings = {
				ALWAYS_EMBED_SWIFT_STANDARD_LIBRARIES = YES;
				CODE_SIGN_STYLE = Automatic;
				DEVELOPMENT_TEAM = XC67GJFB82;
				INFOPLIST_FILE = FoodRecipesUITests/Info.plist;
				LD_RUNPATH_SEARCH_PATHS = (
					"$(inherited)",
					"@executable_path/Frameworks",
					"@loader_path/Frameworks",
				);
				PRODUCT_BUNDLE_IDENTIFIER = in.saven.FoodRecipesUITests;
				PRODUCT_NAME = "$(TARGET_NAME)";
				SWIFT_VERSION = 5.0;
				TARGETED_DEVICE_FAMILY = "1,2";
				TEST_TARGET_NAME = FoodRecipes;
			};
			name = Release;
		};
/* End XCBuildConfiguration section */

/* Begin XCConfigurationList section */
		1312498F268EE7AA00BDB869 /* Build configuration list for PBXProject "FoodRecipes" */ = {
			isa = XCConfigurationList;
			buildConfigurations = (
				131249BC268EE7AD00BDB869 /* Debug */,
				131249BD268EE7AD00BDB869 /* Release */,
			);
			defaultConfigurationIsVisible = 0;
			defaultConfigurationName = Release;
		};
		131249BE268EE7AE00BDB869 /* Build configuration list for PBXNativeTarget "FoodRecipes" */ = {
			isa = XCConfigurationList;
			buildConfigurations = (
				131249BF268EE7AE00BDB869 /* Debug */,
				131249C0268EE7AE00BDB869 /* Release */,
			);
			defaultConfigurationIsVisible = 0;
			defaultConfigurationName = Release;
		};
		131249C1268EE7AE00BDB869 /* Build configuration list for PBXNativeTarget "FoodRecipesTests" */ = {
			isa = XCConfigurationList;
			buildConfigurations = (
				131249C2268EE7AE00BDB869 /* Debug */,
				131249C3268EE7AE00BDB869 /* Release */,
			);
			defaultConfigurationIsVisible = 0;
			defaultConfigurationName = Release;
		};
		131249C4268EE7AE00BDB869 /* Build configuration list for PBXNativeTarget "FoodRecipesUITests" */ = {
			isa = XCConfigurationList;
			buildConfigurations = (
				131249C5268EE7AE00BDB869 /* Debug */,
				131249C6268EE7AE00BDB869 /* Release */,
			);
			defaultConfigurationIsVisible = 0;
			defaultConfigurationName = Release;
		};
/* End XCConfigurationList section */

/* Begin XCVersionGroup section */
		131249A2268EE7AD00BDB869 /* FoodRecipes.xcdatamodeld */ = {
			isa = XCVersionGroup;
			children = (
				131249A3268EE7AD00BDB869 /* FoodRecipes.xcdatamodel */,
			);
			currentVersion = 131249A3268EE7AD00BDB869 /* FoodRecipes.xcdatamodel */;
			path = FoodRecipes.xcdatamodeld;
			sourceTree = "<group>";
			versionGroupType = wrapper.xcdatamodel;
		};
/* End XCVersionGroup section */
	};
	rootObject = 1312498C268EE7AA00BDB869 /* Project object */;
}
